layout:
    actions:
        - '@addTree':
              items:
                  promotional:
                      blockType: content_block
                      prepend: true
                      options:
                          visible: '=data["system_config_provider"].getValue("oro_frontend.promotional_content")'
                          alias: '=data["system_config_provider"].getValue("oro_frontend.promotional_content")'
                          vars:
                              hideTitle: true
                          attr:
                              class: 'promotional-content-container cms-typography page-header__element'
              tree:
                  top_nav_topbar_container_left:
                      promotional: ~
